{
  "name": "group-a",
  "lockfileVersion": 2,
  "requires": true,
  "packages": {
    "": {
      "dependencies": {
        "@types/node": "^16.18.16"
      }
    },
    "node_modules/@types/node": {
      "version": "16.18.16",
      "resolved": "https://registry.npmjs.org/@types/node/-/node-16.18.16.tgz",
      "integrity": "sha512-ZOzvDRWp8dCVBmgnkIqYCArgdFOO9YzocZp8Ra25N/RStKiWvMOXHMz+GjSeVNe5TstaTmTWPucGJkDw0XXJWA=="
    }
  },
  "dependencies": {
    "@types/node": {
      "version": "16.18.16",
      "resolved": "https://registry.npmjs.org/@types/node/-/node-16.18.16.tgz",
      "integrity": "sha512-ZOzvDRWp8dCVBmgnkIqYCArgdFOO9YzocZp8Ra25N/RStKiWvMOXHMz+GjSeVNe5TstaTmTWPucGJkDw0XXJWA=="
    }
  }
}
